// !$*UTF8*$!
{
	archiveVersion = 1;
	objectVersion = 77;
	objects = {
		B00000000000000000000001 /* RiskyApp */ = {
			isa = PBXNativeTarget;
			name = RiskyApp;
			productType = "com.apple.product-type.application";
		};
		B00000000000000000000002 /* Debug */ = {
			isa = XCBuildConfiguration;
			buildSettings = {
				IPHONEOS_DEPLOYMENT_TARGET = 16.0;
				SDKROOT = iphoneos;
				SWIFT_ACTIVE_COMPILATION_CONDITIONS = DEBUG;
			};
			name = Debug;
		};
		B00000000000000000000003 /* Release */ = {
			isa = XCBuildConfiguration;
			buildSettings = {
				IPHONEOS_DEPLOYMENT_TARGET = 16.0;
				SDKROOT = iphoneos;
			};
			name = Release;
		};
	};
	rootObject = B00000000000000000000001;
}
